
Microsoft Visual Studio Solution File, Format Version 12.00
# Visual Studio Version 16
VisualStudioVersion = 16.0.33801.447
MinimumVisualStudioVersion = 10.0.40219.1
Project("{FAE04EC0-301F-11D3-BF4B-00C04F79EFBC}") = "кто станет миллионером", "кто станет миллионером\кто станет миллионером.csproj", "{46311F64-E95D-4C24-A8FE-B7D417FCCEA6}"
EndProject
Global
	GlobalSection(SolutionConfigurationPlatforms) = preSolution
		Debug|Any CPU = Debug|Any CPU
		Release|Any CPU = Release|Any CPU
	EndGlobalSection
	GlobalSection(ProjectConfigurationPlatforms) = postSolution
		{46311F64-E95D-4C24-A8FE-B7D417FCCEA6}.Debug|Any CPU.ActiveCfg = Debug|Any CPU
		{46311F64-E95D-4C24-A8FE-B7D417FCCEA6}.Debug|Any CPU.Build.0 = Debug|Any CPU
		{46311F64-E95D-4C24-A8FE-B7D417FCCEA6}.Release|Any CPU.ActiveCfg = Release|Any CPU
		{46311F64-E95D-4C24-A8FE-B7D417FCCEA6}.Release|Any CPU.Build.0 = Release|Any CPU
	EndGlobalSection
	GlobalSection(SolutionProperties) = preSolution
		HideSolutionNode = FALSE
	EndGlobalSection
	GlobalSection(ExtensibilityGlobals) = postSolution
		SolutionGuid = {BF563703-3096-4309-92C6-287728690D0E}
	EndGlobalSection
EndGlobal
